// !$*UTF8*$!
{
	archiveVersion = 1;
	classes = {
	};
	objectVersion = 46;
	objects = {

/* Begin PBXBuildFile section */
		94282BC6DAAB52BCA99E6B91 /* libPods.a in Frameworks */ = {isa = PBXBuildFile; fileRef = BB28601A52B753CE289BD5BD /* libPods.a */; };
		BB64768F1C822A42003D37AE /* main.m in Sources */ = {isa = PBXBuildFile; fileRef = BB64768E1C822A42003D37AE /* main.m */; };
		BB6476921C822A42003D37AE /* AppDelegate.m in Sources */ = {isa = PBXBuildFile; fileRef = BB6476911C822A42003D37AE /* AppDelegate.m */; };
		BB6476951C822A42003D37AE /* SingleViewController.m in Sources */ = {isa = PBXBuildFile; fileRef = BB6476941C822A42003D37AE /* SingleViewController.m */; };
		BB6476981C822A42003D37AE /* Main.storyboard in Resources */ = {isa = PBXBuildFile; fileRef = BB6476961C822A42003D37AE /* Main.storyboard */; };
		BB64769A1C822A42003D37AE /* Assets.xcassets in Resources */ = {isa = PBXBuildFile; fileRef = BB6476991C822A42003D37AE /* Assets.xcassets */; };
		BB64769D1C822A42003D37AE /* LaunchScreen.storyboard in Resources */ = {isa = PBXBuildFile; fileRef = BB64769B1C822A42003D37AE /* LaunchScreen.storyboard */; };
		BB6476A81C822A82003D37AE /* RAASNetworkManager.m in Sources */ = {isa = PBXBuildFile; fileRef = BB6476A51C822A82003D37AE /* RAASNetworkManager.m */; };
		BB6476A91C822A82003D37AE /* RAASSettings.m in Sources */ = {isa = PBXBuildFile; fileRef = BB6476A71C822A82003D37AE /* RAASSettings.m */; };
		BB6476AD1C822D71003D37AE /* RAASJSONResponseSerializer.m in Sources */ = {isa = PBXBuildFile; fileRef = BB6476AC1C822D71003D37AE /* RAASJSONResponseSerializer.m */; };
		BB6476B31C822E83003D37AE /* TotalStats.m in Sources */ = {isa = PBXBuildFile; fileRef = BB6476B11C822E83003D37AE /* TotalStats.m */; };
/* End PBXBuildFile section */

/* Begin PBXFileReference section */
		4E7AE5FAAA6BA1FEEB6C2A34 /* Pods.release.xcconfig */ = {isa = PBXFileReference; includeInIndex = 1; lastKnownFileType = text.xcconfig; name = Pods.release.xcconfig; path = "Pods/Target Support Files/Pods/Pods.release.xcconfig"; sourceTree = "<group>"; };
		5D702D87BA7264E4E2036040 /* Pods.debug.xcconfig */ = {isa = PBXFileReference; includeInIndex = 1; lastKnownFileType = text.xcconfig; name = Pods.debug.xcconfig; path = "Pods/Target Support Files/Pods/Pods.debug.xcconfig"; sourceTree = "<group>"; };
		BB28601A52B753CE289BD5BD /* libPods.a */ = {isa = PBXFileReference; explicitFileType = archive.ar; includeInIndex = 0; path = libPods.a; sourceTree = BUILT_PRODUCTS_DIR; };
		BB64768A1C822A42003D37AE /* analytics.app */ = {isa = PBXFileReference; explicitFileType = wrapper.application; includeInIndex = 0; path = analytics.app; sourceTree = BUILT_PRODUCTS_DIR; };
		BB64768E1C822A42003D37AE /* main.m */ = {isa = PBXFileReference; lastKnownFileType = sourcecode.c.objc; path = main.m; sourceTree = "<group>"; };
		BB6476901C822A42003D37AE /* AppDelegate.h */ = {isa = PBXFileReference; lastKnownFileType = sourcecode.c.h; path = AppDelegate.h; sourceTree = "<group>"; };
		BB6476911C822A42003D37AE /* AppDelegate.m */ = {isa = PBXFileReference; lastKnownFileType = sourcecode.c.objc; path = AppDelegate.m; sourceTree = "<group>"; };
		BB6476931C822A42003D37AE /* SingleViewController.h */ = {isa = PBXFileReference; lastKnownFileType = sourcecode.c.h; path = SingleViewController.h; sourceTree = "<group>"; };
		BB6476941C822A42003D37AE /* SingleViewController.m */ = {isa = PBXFileReference; lastKnownFileType = sourcecode.c.objc; path = SingleViewController.m; sourceTree = "<group>"; };
		BB6476971C822A42003D37AE /* Base */ = {isa = PBXFileReference; lastKnownFileType = file.storyboard; name = Base; path = Base.lproj/Main.storyboard; sourceTree = "<group>"; };
		BB6476991C822A42003D37AE /* Assets.xcassets */ = {isa = PBXFileReference; lastKnownFileType = folder.assetcatalog; path = Assets.xcassets; sourceTree = "<group>"; };
		BB64769C1C822A42003D37AE /* Base */ = {isa = PBXFileReference; lastKnownFileType = file.storyboard; name = Base; path = Base.lproj/LaunchScreen.storyboard; sourceTree = "<group>"; };
		BB64769E1C822A42003D37AE /* Info.plist */ = {isa = PBXFileReference; lastKnownFileType = text.plist.xml; path = Info.plist; sourceTree = "<group>"; };
		BB6476A41C822A82003D37AE /* RAASNetworkManager.h */ = {isa = PBXFileReference; fileEncoding = 4; lastKnownFileType = sourcecode.c.h; path = RAASNetworkManager.h; sourceTree = "<group>"; };
		BB6476A51C822A82003D37AE /* RAASNetworkManager.m */ = {isa = PBXFileReference; fileEncoding = 4; lastKnownFileType = sourcecode.c.objc; path = RAASNetworkManager.m; sourceTree = "<group>"; };
		BB6476A61C822A82003D37AE /* RAASSettings.h */ = {isa = PBXFileReference; fileEncoding = 4; lastKnownFileType = sourcecode.c.h; path = RAASSettings.h; sourceTree = "<group>"; };
		BB6476A71C822A82003D37AE /* RAASSettings.m */ = {isa = PBXFileReference; fileEncoding = 4; lastKnownFileType = sourcecode.c.objc; path = RAASSettings.m; sourceTree = "<group>"; };
		BB6476AB1C822D71003D37AE /* RAASJSONResponseSerializer.h */ = {isa = PBXFileReference; fileEncoding = 4; lastKnownFileType = sourcecode.c.h; path = RAASJSONResponseSerializer.h; sourceTree = "<group>"; };
		BB6476AC1C822D71003D37AE /* RAASJSONResponseSerializer.m */ = {isa = PBXFileReference; fileEncoding = 4; lastKnownFileType = sourcecode.c.objc; path = RAASJSONResponseSerializer.m; sourceTree = "<group>"; };
		BB6476B01C822E83003D37AE /* TotalStats.h */ = {isa = PBXFileReference; fileEncoding = 4; lastKnownFileType = sourcecode.c.h; path = TotalStats.h; sourceTree = "<group>"; };
		BB6476B11C822E83003D37AE /* TotalStats.m */ = {isa = PBXFileReference; fileEncoding = 4; lastKnownFileType = sourcecode.c.objc; path = TotalStats.m; sourceTree = "<group>"; };
/* End PBXFileReference section */

/* Begin PBXFrameworksBuildPhase section */
		BB6476871C822A42003D37AE /* Frameworks */ = {
			isa = PBXFrameworksBuildPhase;
			buildActionMask = 2147483647;
			files = (
				94282BC6DAAB52BCA99E6B91 /* libPods.a in Frameworks */,
			);
			runOnlyForDeploymentPostprocessing = 0;
		};
/* End PBXFrameworksBuildPhase section */

/* Begin PBXGroup section */
		BB6476811C822A42003D37AE = {
			isa = PBXGroup;
			children = (
				BB64768C1C822A42003D37AE /* analytics */,
				BB64768B1C822A42003D37AE /* Products */,
				BFCB36EA477E08BF9AA7E8EE /* Pods */,
				C6A41A9CCC906CEA4E85B823 /* Frameworks */,
			);
			sourceTree = "<group>";
		};
		BB64768B1C822A42003D37AE /* Products */ = {
			isa = PBXGroup;
			children = (
				BB64768A1C822A42003D37AE /* analytics.app */,
			);
			name = Products;
			sourceTree = "<group>";
		};
		BB64768C1C822A42003D37AE /* analytics */ = {
			isa = PBXGroup;
			children = (
				BB6476B01C822E83003D37AE /* TotalStats.h */,
				BB6476B11C822E83003D37AE /* TotalStats.m */,
				BB6476AA1C822A8F003D37AE /* Starter Code */,
				BB6476901C822A42003D37AE /* AppDelegate.h */,
				BB6476911C822A42003D37AE /* AppDelegate.m */,
				BB6476931C822A42003D37AE /* SingleViewController.h */,
				BB6476941C822A42003D37AE /* SingleViewController.m */,
				BB6476961C822A42003D37AE /* Main.storyboard */,
				BB6476991C822A42003D37AE /* Assets.xcassets */,
				BB64769B1C822A42003D37AE /* LaunchScreen.storyboard */,
				BB64769E1C822A42003D37AE /* Info.plist */,
				BB64768D1C822A42003D37AE /* Supporting Files */,
			);
			path = analytics;
			sourceTree = "<group>";
		};
		BB64768D1C822A42003D37AE /* Supporting Files */ = {
			isa = PBXGroup;
			children = (
				BB64768E1C822A42003D37AE /* main.m */,
			);
			name = "Supporting Files";
			sourceTree = "<group>";
		};
		BB6476AA1C822A8F003D37AE /* Starter Code */ = {
			isa = PBXGroup;
			children = (
				BB6476AB1C822D71003D37AE /* RAASJSONResponseSerializer.h */,
				BB6476AC1C822D71003D37AE /* RAASJSONResponseSerializer.m */,
				BB6476A41C822A82003D37AE /* RAASNetworkManager.h */,
				BB6476A51C822A82003D37AE /* RAASNetworkManager.m */,
				BB6476A61C822A82003D37AE /* RAASSettings.h */,
				BB6476A71C822A82003D37AE /* RAASSettings.m */,
			);
			name = "Starter Code";
			sourceTree = "<group>";
		};
		BFCB36EA477E08BF9AA7E8EE /* Pods */ = {
			isa = PBXGroup;
			children = (
				5D702D87BA7264E4E2036040 /* Pods.debug.xcconfig */,
				4E7AE5FAAA6BA1FEEB6C2A34 /* Pods.release.xcconfig */,
			);
			name = Pods;
			sourceTree = "<group>";
		};
		C6A41A9CCC906CEA4E85B823 /* Frameworks */ = {
			isa = PBXGroup;
			children = (
				BB28601A52B753CE289BD5BD /* libPods.a */,
			);
			name = Frameworks;
			sourceTree = "<group>";
		};
/* End PBXGroup section */

/* Begin PBXNativeTarget section */
		BB6476891C822A42003D37AE /* analytics */ = {
			isa = PBXNativeTarget;
			buildConfigurationList = BB6476A11C822A42003D37AE /* Build configuration list for PBXNativeTarget "analytics" */;
			buildPhases = (
				DFF4D225055DED8199D86A5B /* Check Pods Manifest.lock */,
				BB6476861C822A42003D37AE /* Sources */,
				BB6476871C822A42003D37AE /* Frameworks */,
				BB6476881C822A42003D37AE /* Resources */,
				A5DBF41459ABE2C938054DB0 /* Embed Pods Frameworks */,
				81880D6EBB8FCE1F64465DEE /* Copy Pods Resources */,
			);
			buildRules = (
			);
			dependencies = (
			);
			name = analytics;
			productName = analytics;
			productReference = BB64768A1C822A42003D37AE /* analytics.app */;
			productType = "com.apple.product-type.application";
		};
/* End PBXNativeTarget section */

/* Begin PBXProject section */
		BB6476821C822A42003D37AE /* Project object */ = {
			isa = PBXProject;
			attributes = {
				LastUpgradeCheck = 0720;
				ORGANIZATIONNAME = Henri;
				TargetAttributes = {
					BB6476891C822A42003D37AE = {
						CreatedOnToolsVersion = 7.2.1;
					};
				};
			};
			buildConfigurationList = BB6476851C822A42003D37AE /* Build configuration list for PBXProject "analytics" */;
			compatibilityVersion = "Xcode 3.2";
			developmentRegion = English;
			hasScannedForEncodings = 0;
			knownRegions = (
				en,
				Base,
			);
			mainGroup = BB6476811C822A42003D37AE;
			productRefGroup = BB64768B1C822A42003D37AE /* Products */;
			projectDirPath = "";
			projectRoot = "";
			targets = (
				BB6476891C822A42003D37AE /* analytics */,
			);
		};
/* End PBXProject section */

/* Begin PBXResourcesBuildPhase section */
		BB6476881C822A42003D37AE /* Resources */ = {
			isa = PBXResourcesBuildPhase;
			buildActionMask = 2147483647;
			files = (
				BB64769D1C822A42003D37AE /* LaunchScreen.storyboard in Resources */,
				BB64769A1C822A42003D37AE /* Assets.xcassets in Resources */,
				BB6476981C822A42003D37AE /* Main.storyboard in Resources */,
			);
			runOnlyForDeploymentPostprocessing = 0;
		};
/* End PBXResourcesBuildPhase section */

/* Begin PBXShellScriptBuildPhase section */
		81880D6EBB8FCE1F64465DEE /* Copy Pods Resources */ = {
			isa = PBXShellScriptBuildPhase;
			buildActionMask = 2147483647;
			files = (
			);
			inputPaths = (
			);
			name = "Copy Pods Resources";
			outputPaths = (
			);
			runOnlyForDeploymentPostprocessing = 0;
			shellPath = /bin/sh;
			shellScript = "\"${SRCROOT}/Pods/Target Support Files/Pods/Pods-resources.sh\"\n";
			showEnvVarsInLog = 0;
		};
		A5DBF41459ABE2C938054DB0 /* Embed Pods Frameworks */ = {
			isa = PBXShellScriptBuildPhase;
			buildActionMask = 2147483647;
			files = (
			);
			inputPaths = (
			);
			name = "Embed Pods Frameworks";
			outputPaths = (
			);
			runOnlyForDeploymentPostprocessing = 0;
			shellPath = /bin/sh;
			shellScript = "\"${SRCROOT}/Pods/Target Support Files/Pods/Pods-frameworks.sh\"\n";
			showEnvVarsInLog = 0;
		};
		DFF4D225055DED8199D86A5B /* Check Pods Manifest.lock */ = {
			isa = PBXShellScriptBuildPhase;
			buildActionMask = 2147483647;
			files = (
			);
			inputPaths = (
			);
			name = "Check Pods Manifest.lock";
			outputPaths = (
			);
			runOnlyForDeploymentPostprocessing = 0;
			shellPath = /bin/sh;
			shellScript = "diff \"${PODS_ROOT}/../Podfile.lock\" \"${PODS_ROOT}/Manifest.lock\" > /dev/null\nif [[ $? != 0 ]] ; then\n    cat << EOM\nerror: The sandbox is not in sync with the Podfile.lock. Run 'pod install' or update your CocoaPods installation.\nEOM\n    exit 1\nfi\n";
			showEnvVarsInLog = 0;
		};
/* End PBXShellScriptBuildPhase section */

/* Begin PBXSourcesBuildPhase section */
		BB6476861C822A42003D37AE /* Sources */ = {
			isa = PBXSourcesBuildPhase;
			buildActionMask = 2147483647;
			files = (
				BB6476951C822A42003D37AE /* SingleViewController.m in Sources */,
				BB6476B31C822E83003D37AE /* TotalStats.m in Sources */,
				BB6476921C822A42003D37AE /* AppDelegate.m in Sources */,
				BB64768F1C822A42003D37AE /* main.m in Sources */,
				BB6476A91C822A82003D37AE /* RAASSettings.m in Sources */,
				BB6476A81C822A82003D37AE /* RAASNetworkManager.m in Sources */,
				BB6476AD1C822D71003D37AE /* RAASJSONResponseSerializer.m in Sources */,
			);
			runOnlyForDeploymentPostprocessing = 0;
		};
/* End PBXSourcesBuildPhase section */

/* Begin PBXVariantGroup section */
		BB6476961C822A42003D37AE /* Main.storyboard */ = {
			isa = PBXVariantGroup;
			children = (
				BB6476971C822A42003D37AE /* Base */,
			);
			name = Main.storyboard;
			sourceTree = "<group>";
		};
		BB64769B1C822A42003D37AE /* LaunchScreen.storyboard */ = {
			isa = PBXVariantGroup;
			children = (
				BB64769C1C822A42003D37AE /* Base */,
			);
			name = LaunchScreen.storyboard;
			sourceTree = "<group>";
		};
/* End PBXVariantGroup section */

/* Begin XCBuildConfiguration section */
		BB64769F1C822A42003D37AE /* Debug */ = {
			isa = XCBuildConfiguration;
			buildSettings = {
				ALWAYS_SEARCH_USER_PATHS = NO;
				CLANG_CXX_LANGUAGE_STANDARD = "gnu++0x";
				CLANG_CXX_LIBRARY = "libc++";
				CLANG_ENABLE_MODULES = YES;
				CLANG_ENABLE_OBJC_ARC = YES;
				CLANG_WARN_BOOL_CONVERSION = YES;
				CLANG_WARN_CONSTANT_CONVERSION = YES;
				CLANG_WARN_DIRECT_OBJC_ISA_USAGE = YES_ERROR;
				CLANG_WARN_EMPTY_BODY = YES;
				CLANG_WARN_ENUM_CONVERSION = YES;
				CLANG_WARN_INT_CONVERSION = YES;
				CLANG_WARN_OBJC_ROOT_CLASS = YES_ERROR;
				CLANG_WARN_UNREACHABLE_CODE = YES;
				CLANG_WARN__DUPLICATE_METHOD_MATCH = YES;
				"CODE_SIGN_IDENTITY[sdk=iphoneos*]" = "iPhone Developer";
				COPY_PHASE_STRIP = NO;
				DEBUG_INFORMATION_FORMAT = dwarf;
				ENABLE_STRICT_OBJC_MSGSEND = YES;
				ENABLE_TESTABILITY = YES;
				GCC_C_LANGUAGE_STANDARD = gnu99;
				GCC_DYNAMIC_NO_PIC = NO;
				GCC_NO_COMMON_BLOCKS = YES;
				GCC_OPTIMIZATION_LEVEL = 0;
				GCC_PREPROCESSOR_DEFINITIONS = (
					"DEBUG=1",
					"$(inherited)",
				);
				GCC_WARN_64_TO_32_BIT_CONVERSION = YES;
				GCC_WARN_ABOUT_RETURN_TYPE = YES_ERROR;
				GCC_WARN_UNDECLARED_SELECTOR = YES;
				GCC_WARN_UNINITIALIZED_AUTOS = YES_AGGRESSIVE;
				GCC_WARN_UNUSED_FUNCTION = YES;
				GCC_WARN_UNUSED_VARIABLE = YES;
				IPHONEOS_DEPLOYMENT_TARGET = 9.2;
				MTL_ENABLE_DEBUG_INFO = YES;
				ONLY_ACTIVE_ARCH = YES;
				SDKROOT = iphoneos;
			};
			name = Debug;
		};
		BB6476A01C822A42003D37AE /* Release */ = {
			isa = XCBuildConfiguration;
			buildSettings = {
				ALWAYS_SEARCH_USER_PATHS = NO;
				CLANG_CXX_LANGUAGE_STANDARD = "gnu++0x";
				CLANG_CXX_LIBRARY = "libc++";
				CLANG_ENABLE_MODULES = YES;
				CLANG_ENABLE_OBJC_ARC = YES;
				CLANG_WARN_BOOL_CONVERSION = YES;
				CLANG_WARN_CONSTANT_CONVERSION = YES;
				CLANG_WARN_DIRECT_OBJC_ISA_USAGE = YES_ERROR;
				CLANG_WARN_EMPTY_BODY = YES;
				CLANG_WARN_ENUM_CONVERSION = YES;
				CLANG_WARN_INT_CONVERSION = YES;
				CLANG_WARN_OBJC_ROOT_CLASS = YES_ERROR;
				CLANG_WARN_UNREACHABLE_CODE = YES;
				CLANG_WARN__DUPLICATE_METHOD_MATCH = YES;
				"CODE_SIGN_IDENTITY[sdk=iphoneos*]" = "iPhone Developer";
				COPY_PHASE_STRIP = NO;
				DEBUG_INFORMATION_FORMAT = "dwarf-with-dsym";
				ENABLE_NS_ASSERTIONS = NO;
				ENABLE_STRICT_OBJC_MSGSEND = YES;
				GCC_C_LANGUAGE_STANDARD = gnu99;
				GCC_NO_COMMON_BLOCKS = YES;
				GCC_WARN_64_TO_32_BIT_CONVERSION = YES;
				GCC_WARN_ABOUT_RETURN_TYPE = YES_ERROR;
				GCC_WARN_UNDECLARED_SELECTOR = YES;
				GCC_WARN_UNINITIALIZED_AUTOS = YES_AGGRESSIVE;
				GCC_WARN_UNUSED_FUNCTION = YES;
				GCC_WARN_UNUSED_VARIABLE = YES;
				IPHONEOS_DEPLOYMENT_TARGET = 9.2;
				MTL_ENABLE_DEBUG_INFO = NO;
				SDKROOT = iphoneos;
				VALIDATE_PRODUCT = YES;
			};
			name = Release;
		};
		BB6476A21C822A42003D37AE /* Debug */ = {
			isa = XCBuildConfiguration;
			baseConfigurationReference = 5D702D87BA7264E4E2036040 /* Pods.debug.xcconfig */;
			buildSettings = {
				ASSETCATALOG_COMPILER_APPICON_NAME = AppIcon;
				INFOPLIST_FILE = analytics/Info.plist;
				LD_RUNPATH_SEARCH_PATHS = "$(inherited) @executable_path/Frameworks";
				PRODUCT_BUNDLE_IDENTIFIER = RAAS.analytics;
				PRODUCT_NAME = "$(TARGET_NAME)";
			};
			name = Debug;
		};
		BB6476A31C822A42003D37AE /* Release */ = {
			isa = XCBuildConfiguration;
			baseConfigurationReference = 4E7AE5FAAA6BA1FEEB6C2A34 /* Pods.release.xcconfig */;
			buildSettings = {
				ASSETCATALOG_COMPILER_APPICON_NAME = AppIcon;
				INFOPLIST_FILE = analytics/Info.plist;
				LD_RUNPATH_SEARCH_PATHS = "$(inherited) @executable_path/Frameworks";
				PRODUCT_BUNDLE_IDENTIFIER = RAAS.analytics;
				PRODUCT_NAME = "$(TARGET_NAME)";
			};
			name = Release;
		};
/* End XCBuildConfiguration section */

/* Begin XCConfigurationList section */
		BB6476851C822A42003D37AE /* Build configuration list for PBXProject "analytics" */ = {
			isa = XCConfigurationList;
			buildConfigurations = (
				BB64769F1C822A42003D37AE /* Debug */,
				BB6476A01C822A42003D37AE /* Release */,
			);
			defaultConfigurationIsVisible = 0;
			defaultConfigurationName = Release;
		};
		BB6476A11C822A42003D37AE /* Build configuration list for PBXNativeTarget "analytics" */ = {
			isa = XCConfigurationList;
			buildConfigurations = (
				BB6476A21C822A42003D37AE /* Debug */,
				BB6476A31C822A42003D37AE /* Release */,
			);
			defaultConfigurationIsVisible = 0;
			defaultConfigurationName = Release;
		};
/* End XCConfigurationList section */
	};
	rootObject = BB6476821C822A42003D37AE /* Project object */;
}
